
Microsoft Visual Studio Solution File, Format Version 12.00
# Visual Studio 2013
VisualStudioVersion = 12.0.31101.0
MinimumVisualStudioVersion = 10.0.40219.1
Project("{FAE04EC0-301F-11D3-BF4B-00C04F79EFBC}") = "GlobalPrint.ClientWeb", "GlobalPrint.ClientWeb\GlobalPrint.ClientWeb.csproj", "{88D5E988-CC12-4C55-8ABB-1C2BB47CD948}"
	ProjectSection(ProjectDependencies) = postProject
		{26C46668-EC00-4161-B6F3-B1DA5A6A3E63} = {26C46668-EC00-4161-B6F3-B1DA5A6A3E63}
		{302B8EC3-F93F-41E9-916B-773FD6B430FA} = {302B8EC3-F93F-41E9-916B-773FD6B430FA}
	EndProjectSection
EndProject
Project("{FAE04EC0-301F-11D3-BF4B-00C04F79EFBC}") = "GlobalPrint.Server", "GlobalPrint.Server\GlobalPrint.Server.csproj", "{302B8EC3-F93F-41E9-916B-773FD6B430FA}"
EndProject
Project("{FAE04EC0-301F-11D3-BF4B-00C04F79EFBC}") = "GlobalPrint.Identity", "GlobalPrint.Identity\GlobalPrint.Identity.csproj", "{26C46668-EC00-4161-B6F3-B1DA5A6A3E63}"
	ProjectSection(ProjectDependencies) = postProject
		{302B8EC3-F93F-41E9-916B-773FD6B430FA} = {302B8EC3-F93F-41E9-916B-773FD6B430FA}
	EndProjectSection
EndProject
Global
	GlobalSection(SolutionConfigurationPlatforms) = preSolution
		Debug|Any CPU = Debug|Any CPU
		Release|Any CPU = Release|Any CPU
	EndGlobalSection
	GlobalSection(ProjectConfigurationPlatforms) = postSolution
		{88D5E988-CC12-4C55-8ABB-1C2BB47CD948}.Debug|Any CPU.ActiveCfg = Debug|Any CPU
		{88D5E988-CC12-4C55-8ABB-1C2BB47CD948}.Debug|Any CPU.Build.0 = Debug|Any CPU
		{88D5E988-CC12-4C55-8ABB-1C2BB47CD948}.Release|Any CPU.ActiveCfg = Release|Any CPU
		{88D5E988-CC12-4C55-8ABB-1C2BB47CD948}.Release|Any CPU.Build.0 = Release|Any CPU
		{302B8EC3-F93F-41E9-916B-773FD6B430FA}.Debug|Any CPU.ActiveCfg = Debug|Any CPU
		{302B8EC3-F93F-41E9-916B-773FD6B430FA}.Debug|Any CPU.Build.0 = Debug|Any CPU
		{302B8EC3-F93F-41E9-916B-773FD6B430FA}.Release|Any CPU.ActiveCfg = Release|Any CPU
		{302B8EC3-F93F-41E9-916B-773FD6B430FA}.Release|Any CPU.Build.0 = Release|Any CPU
		{26C46668-EC00-4161-B6F3-B1DA5A6A3E63}.Debug|Any CPU.ActiveCfg = Debug|Any CPU
		{26C46668-EC00-4161-B6F3-B1DA5A6A3E63}.Debug|Any CPU.Build.0 = Debug|Any CPU
		{26C46668-EC00-4161-B6F3-B1DA5A6A3E63}.Release|Any CPU.ActiveCfg = Release|Any CPU
		{26C46668-EC00-4161-B6F3-B1DA5A6A3E63}.Release|Any CPU.Build.0 = Release|Any CPU
	EndGlobalSection
	GlobalSection(SolutionProperties) = preSolution
		HideSolutionNode = FALSE
	EndGlobalSection
EndGlobal
